// !$*UTF8*$!
{
	archiveVersion = 1;
	classes = {
	};
	objectVersion = 56;
	objects = {

/* Begin PBXBuildFile section */
		1C3A2B722EA9964500BB1604 /* HojeNoRU_iOSApp.swift in Sources */ = {isa = PBXBuildFile; fileRef = 1C3A2B712EA9964500BB1604 /* HojeNoRU_iOSApp.swift */; };
		1C3A2B742EA9964500BB1604 /* ContentView.swift in Sources */ = {isa = PBXBuildFile; fileRef = 1C3A2B732EA9964500BB1604 /* ContentView.swift */; };
		1C3A2B762EA9964900BB1604 /* Assets.xcassets in Resources */ = {isa = PBXBuildFile; fileRef = 1C3A2B752EA9964900BB1604 /* Assets.xcassets */; };
		1C3A2B792EA9964900BB1604 /* Preview Assets.xcassets in Resources */ = {isa = PBXBuildFile; fileRef = 1C3A2B782EA9964900BB1604 /* Preview Assets.xcassets */; };
		1C3A2B802EA9968100BB1604 /* RUCard.swift in Sources */ = {isa = PBXBuildFile; fileRef = 1C3A2B7F2EA9968100BB1604 /* RUCard.swift */; };
		1CD4FE9E2EA99E72007B37B0 /* BarlowCondensed-Regular.ttf in Resources */ = {isa = PBXBuildFile; fileRef = 1CD4FE9D2EA99E53007B37B0 /* BarlowCondensed-Regular.ttf */; };
		1CD4FEA52EA9A64D007B37B0 /* BarlowCondensed-ExtraBold.ttf in Resources */ = {isa = PBXBuildFile; fileRef = 1CD4FEA42EA9A64D007B37B0 /* BarlowCondensed-ExtraBold.ttf */; };
		1CD4FEA72EA9A696007B37B0 /* BarlowCondensed-Bold.ttf in Resources */ = {isa = PBXBuildFile; fileRef = 1CD4FEA62EA9A696007B37B0 /* BarlowCondensed-Bold.ttf */; };
		1CD4FEAC2EA9E9D6007B37B0 /* KaushanScript-Regular.ttf in Resources */ = {isa = PBXBuildFile; fileRef = 1CD4FEAB2EA9E9D6007B37B0 /* KaushanScript-Regular.ttf */; };
		1CD4FEAF2EAA07DC007B37B0 /* Cardapio.swift in Sources */ = {isa = PBXBuildFile; fileRef = 1CD4FEAE2EAA07DC007B37B0 /* Cardapio.swift */; };
		1CD4FEB22EAA081A007B37B0 /* CardapioService.swift in Sources */ = {isa = PBXBuildFile; fileRef = 1CD4FEB12EAA081A007B37B0 /* CardapioService.swift */; };
		1CD4FEB52EAA0880007B37B0 /* CardapioViewModel.swift in Sources */ = {isa = PBXBuildFile; fileRef = 1CD4FEB42EAA0880007B37B0 /* CardapioViewModel.swift */; };
		1CD4FEB82EAA08D1007B37B0 /* RUDetailView.swift in Sources */ = {isa = PBXBuildFile; fileRef = 1CD4FEB72EAA08D1007B37B0 /* RUDetailView.swift */; };
		1CF2FF232EAB2D9100C8859A /* DateUtils.swift in Sources */ = {isa = PBXBuildFile; fileRef = 1CF2FF222EAB2D9100C8859A /* DateUtils.swift */; };
		1CF2FF252EAB326C00C8859A /* APIConfig.swift in Sources */ = {isa = PBXBuildFile; fileRef = 1CF2FF242EAB326C00C8859A /* APIConfig.swift */; };
		1CF2FF272EAB34B100C8859A /* .gitignore in Resources */ = {isa = PBXBuildFile; fileRef = 1CF2FF262EAB34B100C8859A /* .gitignore */; };
/* End PBXBuildFile section */

/* Begin PBXFileReference section */
		1C3A2B6E2EA9964500BB1604 /* HojeNoRU_iOS.app */ = {isa = PBXFileReference; explicitFileType = wrapper.application; includeInIndex = 0; path = HojeNoRU_iOS.app; sourceTree = BUILT_PRODUCTS_DIR; };
		1C3A2B712EA9964500BB1604 /* HojeNoRU_iOSApp.swift */ = {isa = PBXFileReference; lastKnownFileType = sourcecode.swift; path = HojeNoRU_iOSApp.swift; sourceTree = "<group>"; };
		1C3A2B732EA9964500BB1604 /* ContentView.swift */ = {isa = PBXFileReference; lastKnownFileType = sourcecode.swift; path = ContentView.swift; sourceTree = "<group>"; };
		1C3A2B752EA9964900BB1604 /* Assets.xcassets */ = {isa = PBXFileReference; lastKnownFileType = folder.assetcatalog; path = Assets.xcassets; sourceTree = "<group>"; };
		1C3A2B782EA9964900BB1604 /* Preview Assets.xcassets */ = {isa = PBXFileReference; lastKnownFileType = folder.assetcatalog; path = "Preview Assets.xcassets"; sourceTree = "<group>"; };
		1C3A2B7F2EA9968100BB1604 /* RUCard.swift */ = {isa = PBXFileReference; lastKnownFileType = sourcecode.swift; path = RUCard.swift; sourceTree = "<group>"; };
		1CD4FE9D2EA99E53007B37B0 /* BarlowCondensed-Regular.ttf */ = {isa = PBXFileReference; lastKnownFileType = file; path = "BarlowCondensed-Regular.ttf"; sourceTree = "<group>"; };
		1CD4FEA32EA9A363007B37B0 /* HojeNoRU-iOS-Info.plist */ = {isa = PBXFileReference; lastKnownFileType = text.plist; path = "HojeNoRU-iOS-Info.plist"; sourceTree = SOURCE_ROOT; };
		1CD4FEA42EA9A64D007B37B0 /* BarlowCondensed-ExtraBold.ttf */ = {isa = PBXFileReference; lastKnownFileType = file; path = "BarlowCondensed-ExtraBold.ttf"; sourceTree = "<group>"; };
		1CD4FEA62EA9A696007B37B0 /* BarlowCondensed-Bold.ttf */ = {isa = PBXFileReference; lastKnownFileType = file; path = "BarlowCondensed-Bold.ttf"; sourceTree = "<group>"; };
		1CD4FEAB2EA9E9D6007B37B0 /* KaushanScript-Regular.ttf */ = {isa = PBXFileReference; lastKnownFileType = file; path = "KaushanScript-Regular.ttf"; sourceTree = "<group>"; };
		1CD4FEAE2EAA07DC007B37B0 /* Cardapio.swift */ = {isa = PBXFileReference; lastKnownFileType = sourcecode.swift; path = Cardapio.swift; sourceTree = "<group>"; };
		1CD4FEB12EAA081A007B37B0 /* CardapioService.swift */ = {isa = PBXFileReference; lastKnownFileType = sourcecode.swift; path = CardapioService.swift; sourceTree = "<group>"; };
		1CD4FEB42EAA0880007B37B0 /* CardapioViewModel.swift */ = {isa = PBXFileReference; lastKnownFileType = sourcecode.swift; path = CardapioViewModel.swift; sourceTree = "<group>"; };
		1CD4FEB72EAA08D1007B37B0 /* RUDetailView.swift */ = {isa = PBXFileReference; lastKnownFileType = sourcecode.swift; path = RUDetailView.swift; sourceTree = "<group>"; };
		1CF2FF222EAB2D9100C8859A /* DateUtils.swift */ = {isa = PBXFileReference; lastKnownFileType = sourcecode.swift; path = DateUtils.swift; sourceTree = "<group>"; };
		1CF2FF242EAB326C00C8859A /* APIConfig.swift */ = {isa = PBXFileReference; lastKnownFileType = sourcecode.swift; path = APIConfig.swift; sourceTree = "<group>"; };
		1CF2FF262EAB34B100C8859A /* .gitignore */ = {isa = PBXFileReference; lastKnownFileType = text; path = .gitignore; sourceTree = "<group>"; };
		1CF2FF282EAB354200C8859A /* APIConfig.example.swift */ = {isa = PBXFileReference; lastKnownFileType = sourcecode.swift; path = APIConfig.example.swift; sourceTree = "<group>"; };
/* End PBXFileReference section */

/* Begin PBXFrameworksBuildPhase section */
		1C3A2B6B2EA9964500BB1604 /* Frameworks */ = {
			isa = PBXFrameworksBuildPhase;
			buildActionMask = 2147483647;
			files = (
			);
			runOnlyForDeploymentPostprocessing = 0;
		};
/* End PBXFrameworksBuildPhase section */

/* Begin PBXGroup section */
		1C3A2B652EA9964500BB1604 = {
			isa = PBXGroup;
			children = (
				1CF2FF262EAB34B100C8859A /* .gitignore */,
				1C3A2B702EA9964500BB1604 /* HojeNoRU_iOS */,
				1C3A2B6F2EA9964500BB1604 /* Products */,
			);
			sourceTree = "<group>";
		};
		1C3A2B6F2EA9964500BB1604 /* Products */ = {
			isa = PBXGroup;
			children = (
				1C3A2B6E2EA9964500BB1604 /* HojeNoRU_iOS.app */,
			);
			name = Products;
			sourceTree = "<group>";
		};
		1C3A2B702EA9964500BB1604 /* HojeNoRU_iOS */ = {
			isa = PBXGroup;
			children = (
				1CF2FF212EAB2D7A00C8859A /* Utils */,
				1CD4FEB62EAA08BD007B37B0 /* Views */,
				1CD4FEB32EAA0861007B37B0 /* ViewModels */,
				1CD4FEB02EAA0809007B37B0 /* Services */,
				1CD4FEAD2EAA07CC007B37B0 /* Models */,
				1CD4FEA32EA9A363007B37B0 /* HojeNoRU-iOS-Info.plist */,
				1CD4FE9A2EA99DB9007B37B0 /* Resources */,
				1C3A2B712EA9964500BB1604 /* HojeNoRU_iOSApp.swift */,
				1C3A2B732EA9964500BB1604 /* ContentView.swift */,
				1C3A2B7F2EA9968100BB1604 /* RUCard.swift */,
				1C3A2B752EA9964900BB1604 /* Assets.xcassets */,
				1C3A2B772EA9964900BB1604 /* Preview Content */,
			);
			path = HojeNoRU_iOS;
			sourceTree = "<group>";
		};
		1C3A2B772EA9964900BB1604 /* Preview Content */ = {
			isa = PBXGroup;
			children = (
				1C3A2B782EA9964900BB1604 /* Preview Assets.xcassets */,
			);
			path = "Preview Content";
			sourceTree = "<group>";
		};
		1CD4FE9A2EA99DB9007B37B0 /* Resources */ = {
			isa = PBXGroup;
			children = (
				1CD4FEA82EA9A7B9007B37B0 /* Images */,
				1CD4FE9C2EA99E26007B37B0 /* Fonts */,
			);
			path = Resources;
			sourceTree = "<group>";
		};
		1CD4FE9C2EA99E26007B37B0 /* Fonts */ = {
			isa = PBXGroup;
			children = (
				1CD4FEAB2EA9E9D6007B37B0 /* KaushanScript-Regular.ttf */,
				1CD4FEA62EA9A696007B37B0 /* BarlowCondensed-Bold.ttf */,
				1CD4FEA42EA9A64D007B37B0 /* BarlowCondensed-ExtraBold.ttf */,
				1CD4FE9D2EA99E53007B37B0 /* BarlowCondensed-Regular.ttf */,
			);
			path = Fonts;
			sourceTree = "<group>";
		};
		1CD4FEA82EA9A7B9007B37B0 /* Images */ = {
			isa = PBXGroup;
			children = (
			);
			path = Images;
			sourceTree = "<group>";
		};
		1CD4FEAD2EAA07CC007B37B0 /* Models */ = {
			isa = PBXGroup;
			children = (
				1CD4FEAE2EAA07DC007B37B0 /* Cardapio.swift */,
			);
			path = Models;
			sourceTree = "<group>";
		};
		1CD4FEB02EAA0809007B37B0 /* Services */ = {
			isa = PBXGroup;
			children = (
				1CD4FEB12EAA081A007B37B0 /* CardapioService.swift */,
			);
			path = Services;
			sourceTree = "<group>";
		};
		1CD4FEB32EAA0861007B37B0 /* ViewModels */ = {
			isa = PBXGroup;
			children = (
				1CD4FEB42EAA0880007B37B0 /* CardapioViewModel.swift */,
			);
			path = ViewModels;
			sourceTree = "<group>";
		};
		1CD4FEB62EAA08BD007B37B0 /* Views */ = {
			isa = PBXGroup;
			children = (
				1CD4FEB72EAA08D1007B37B0 /* RUDetailView.swift */,
			);
			path = Views;
			sourceTree = "<group>";
		};
		1CF2FF212EAB2D7A00C8859A /* Utils */ = {
			isa = PBXGroup;
			children = (
				1CF2FF222EAB2D9100C8859A /* DateUtils.swift */,
				1CF2FF242EAB326C00C8859A /* APIConfig.swift */,
				1CF2FF282EAB354200C8859A /* APIConfig.example.swift */,
			);
			path = Utils;
			sourceTree = "<group>";
		};
/* End PBXGroup section */

/* Begin PBXNativeTarget section */
		1C3A2B6D2EA9964500BB1604 /* HojeNoRU_iOS */ = {
			isa = PBXNativeTarget;
			buildConfigurationList = 1C3A2B7C2EA9964900BB1604 /* Build configuration list for PBXNativeTarget "HojeNoRU_iOS" */;
			buildPhases = (
				1C3A2B6A2EA9964500BB1604 /* Sources */,
				1C3A2B6B2EA9964500BB1604 /* Frameworks */,
				1C3A2B6C2EA9964500BB1604 /* Resources */,
			);
			buildRules = (
			);
			dependencies = (
			);
			name = HojeNoRU_iOS;
			productName = HojeNoRU_iOS;
			productReference = 1C3A2B6E2EA9964500BB1604 /* HojeNoRU_iOS.app */;
			productType = "com.apple.product-type.application";
		};
/* End PBXNativeTarget section */

/* Begin PBXProject section */
		1C3A2B662EA9964500BB1604 /* Project object */ = {
			isa = PBXProject;
			attributes = {
				BuildIndependentTargetsInParallel = 1;
				LastSwiftUpdateCheck = 1420;
				LastUpgradeCheck = 1420;
				TargetAttributes = {
					1C3A2B6D2EA9964500BB1604 = {
						CreatedOnToolsVersion = 14.2;
					};
				};
			};
			buildConfigurationList = 1C3A2B692EA9964500BB1604 /* Build configuration list for PBXProject "HojeNoRU_iOS" */;
			compatibilityVersion = "Xcode 14.0";
			developmentRegion = en;
			hasScannedForEncodings = 0;
			knownRegions = (
				en,
				Base,
			);
			mainGroup = 1C3A2B652EA9964500BB1604;
			productRefGroup = 1C3A2B6F2EA9964500BB1604 /* Products */;
			projectDirPath = "";
			projectRoot = "";
			targets = (
				1C3A2B6D2EA9964500BB1604 /* HojeNoRU_iOS */,
			);
		};
/* End PBXProject section */

/* Begin PBXResourcesBuildPhase section */
		1C3A2B6C2EA9964500BB1604 /* Resources */ = {
			isa = PBXResourcesBuildPhase;
			buildActionMask = 2147483647;
			files = (
				1CD4FE9E2EA99E72007B37B0 /* BarlowCondensed-Regular.ttf in Resources */,
				1CF2FF272EAB34B100C8859A /* .gitignore in Resources */,
				1CD4FEA52EA9A64D007B37B0 /* BarlowCondensed-ExtraBold.ttf in Resources */,
				1CD4FEAC2EA9E9D6007B37B0 /* KaushanScript-Regular.ttf in Resources */,
				1CD4FEA72EA9A696007B37B0 /* BarlowCondensed-Bold.ttf in Resources */,
				1C3A2B792EA9964900BB1604 /* Preview Assets.xcassets in Resources */,
				1C3A2B762EA9964900BB1604 /* Assets.xcassets in Resources */,
			);
			runOnlyForDeploymentPostprocessing = 0;
		};
/* End PBXResourcesBuildPhase section */

/* Begin PBXSourcesBuildPhase section */
		1C3A2B6A2EA9964500BB1604 /* Sources */ = {
			isa = PBXSourcesBuildPhase;
			buildActionMask = 2147483647;
			files = (
				1CD4FEB22EAA081A007B37B0 /* CardapioService.swift in Sources */,
				1CF2FF232EAB2D9100C8859A /* DateUtils.swift in Sources */,
				1CD4FEB82EAA08D1007B37B0 /* RUDetailView.swift in Sources */,
				1CD4FEAF2EAA07DC007B37B0 /* Cardapio.swift in Sources */,
				1C3A2B802EA9968100BB1604 /* RUCard.swift in Sources */,
				1CF2FF252EAB326C00C8859A /* APIConfig.swift in Sources */,
				1CD4FEB52EAA0880007B37B0 /* CardapioViewModel.swift in Sources */,
				1C3A2B742EA9964500BB1604 /* ContentView.swift in Sources */,
				1C3A2B722EA9964500BB1604 /* HojeNoRU_iOSApp.swift in Sources */,
			);
			runOnlyForDeploymentPostprocessing = 0;
		};
/* End PBXSourcesBuildPhase section */

/* Begin XCBuildConfiguration section */
		1C3A2B7A2EA9964900BB1604 /* Debug */ = {
			isa = XCBuildConfiguration;
			buildSettings = {
				ALWAYS_SEARCH_USER_PATHS = NO;
				CLANG_ANALYZER_NONNULL = YES;
				CLANG_ANALYZER_NUMBER_OBJECT_CONVERSION = YES_AGGRESSIVE;
				CLANG_CXX_LANGUAGE_STANDARD = "gnu++20";
				CLANG_ENABLE_MODULES = YES;
				CLANG_ENABLE_OBJC_ARC = YES;
				CLANG_ENABLE_OBJC_WEAK = YES;
				CLANG_WARN_BLOCK_CAPTURE_AUTORELEASING = YES;
				CLANG_WARN_BOOL_CONVERSION = YES;
				CLANG_WARN_COMMA = YES;
				CLANG_WARN_CONSTANT_CONVERSION = YES;
				CLANG_WARN_DEPRECATED_OBJC_IMPLEMENTATIONS = YES;
				CLANG_WARN_DIRECT_OBJC_ISA_USAGE = YES_ERROR;
				CLANG_WARN_DOCUMENTATION_COMMENTS = YES;
				CLANG_WARN_EMPTY_BODY = YES;
				CLANG_WARN_ENUM_CONVERSION = YES;
				CLANG_WARN_INFINITE_RECURSION = YES;
				CLANG_WARN_INT_CONVERSION = YES;
				CLANG_WARN_NON_LITERAL_NULL_CONVERSION = YES;
				CLANG_WARN_OBJC_IMPLICIT_RETAIN_SELF = YES;
				CLANG_WARN_OBJC_LITERAL_CONVERSION = YES;
				CLANG_WARN_OBJC_ROOT_CLASS = YES_ERROR;
				CLANG_WARN_QUOTED_INCLUDE_IN_FRAMEWORK_HEADER = YES;
				CLANG_WARN_RANGE_LOOP_ANALYSIS = YES;
				CLANG_WARN_STRICT_PROTOTYPES = YES;
				CLANG_WARN_SUSPICIOUS_MOVE = YES;
				CLANG_WARN_UNGUARDED_AVAILABILITY = YES_AGGRESSIVE;
				CLANG_WARN_UNREACHABLE_CODE = YES;
				CLANG_WARN__DUPLICATE_METHOD_MATCH = YES;
				COPY_PHASE_STRIP = NO;
				DEBUG_INFORMATION_FORMAT = dwarf;
				ENABLE_STRICT_OBJC_MSGSEND = YES;
				ENABLE_TESTABILITY = YES;
				GCC_C_LANGUAGE_STANDARD = gnu11;
				GCC_DYNAMIC_NO_PIC = NO;
				GCC_NO_COMMON_BLOCKS = YES;
				GCC_OPTIMIZATION_LEVEL = 0;
				GCC_PREPROCESSOR_DEFINITIONS = (
					"DEBUG=1",
					"$(inherited)",
				);
				GCC_WARN_64_TO_32_BIT_CONVERSION = YES;
				GCC_WARN_ABOUT_RETURN_TYPE = YES_ERROR;
				GCC_WARN_UNDECLARED_SELECTOR = YES;
				GCC_WARN_UNINITIALIZED_AUTOS = YES_AGGRESSIVE;
				GCC_WARN_UNUSED_FUNCTION = YES;
				GCC_WARN_UNUSED_VARIABLE = YES;
				IPHONEOS_DEPLOYMENT_TARGET = 16.2;
				MTL_ENABLE_DEBUG_INFO = INCLUDE_SOURCE;
				MTL_FAST_MATH = YES;
				NEW_SETTING = "";
				ONLY_ACTIVE_ARCH = YES;
				SDKROOT = iphoneos;
				SWIFT_ACTIVE_COMPILATION_CONDITIONS = DEBUG;
				SWIFT_OPTIMIZATION_LEVEL = "-Onone";
			};
			name = Debug;
		};
		1C3A2B7B2EA9964900BB1604 /* Release */ = {
			isa = XCBuildConfiguration;
			buildSettings = {
				ALWAYS_SEARCH_USER_PATHS = NO;
				CLANG_ANALYZER_NONNULL = YES;
				CLANG_ANALYZER_NUMBER_OBJECT_CONVERSION = YES_AGGRESSIVE;
				CLANG_CXX_LANGUAGE_STANDARD = "gnu++20";
				CLANG_ENABLE_MODULES = YES;
				CLANG_ENABLE_OBJC_ARC = YES;
				CLANG_ENABLE_OBJC_WEAK = YES;
				CLANG_WARN_BLOCK_CAPTURE_AUTORELEASING = YES;
				CLANG_WARN_BOOL_CONVERSION = YES;
				CLANG_WARN_COMMA = YES;
				CLANG_WARN_CONSTANT_CONVERSION = YES;
				CLANG_WARN_DEPRECATED_OBJC_IMPLEMENTATIONS = YES;
				CLANG_WARN_DIRECT_OBJC_ISA_USAGE = YES_ERROR;
				CLANG_WARN_DOCUMENTATION_COMMENTS = YES;
				CLANG_WARN_EMPTY_BODY = YES;
				CLANG_WARN_ENUM_CONVERSION = YES;
				CLANG_WARN_INFINITE_RECURSION = YES;
				CLANG_WARN_INT_CONVERSION = YES;
				CLANG_WARN_NON_LITERAL_NULL_CONVERSION = YES;
				CLANG_WARN_OBJC_IMPLICIT_RETAIN_SELF = YES;
				CLANG_WARN_OBJC_LITERAL_CONVERSION = YES;
				CLANG_WARN_OBJC_ROOT_CLASS = YES_ERROR;
				CLANG_WARN_QUOTED_INCLUDE_IN_FRAMEWORK_HEADER = YES;
				CLANG_WARN_RANGE_LOOP_ANALYSIS = YES;
				CLANG_WARN_STRICT_PROTOTYPES = YES;
				CLANG_WARN_SUSPICIOUS_MOVE = YES;
				CLANG_WARN_UNGUARDED_AVAILABILITY = YES_AGGRESSIVE;
				CLANG_WARN_UNREACHABLE_CODE = YES;
				CLANG_WARN__DUPLICATE_METHOD_MATCH = YES;
				COPY_PHASE_STRIP = NO;
				DEBUG_INFORMATION_FORMAT = "dwarf-with-dsym";
				ENABLE_NS_ASSERTIONS = NO;
				ENABLE_STRICT_OBJC_MSGSEND = YES;
				GCC_C_LANGUAGE_STANDARD = gnu11;
				GCC_NO_COMMON_BLOCKS = YES;
				GCC_WARN_64_TO_32_BIT_CONVERSION = YES;
				GCC_WARN_ABOUT_RETURN_TYPE = YES_ERROR;
				GCC_WARN_UNDECLARED_SELECTOR = YES;
				GCC_WARN_UNINITIALIZED_AUTOS = YES_AGGRESSIVE;
				GCC_WARN_UNUSED_FUNCTION = YES;
				GCC_WARN_UNUSED_VARIABLE = YES;
				IPHONEOS_DEPLOYMENT_TARGET = 16.2;
				MTL_ENABLE_DEBUG_INFO = NO;
				MTL_FAST_MATH = YES;
				NEW_SETTING = "";
				SDKROOT = iphoneos;
				SWIFT_COMPILATION_MODE = wholemodule;
				SWIFT_OPTIMIZATION_LEVEL = "-O";
				VALIDATE_PRODUCT = YES;
			};
			name = Release;
		};
		1C3A2B7D2EA9964900BB1604 /* Debug */ = {
			isa = XCBuildConfiguration;
			buildSettings = {
				ASSETCATALOG_COMPILER_APPICON_NAME = AppIcon;
				ASSETCATALOG_COMPILER_GLOBAL_ACCENT_COLOR_NAME = AccentColor;
				CODE_SIGN_STYLE = Automatic;
				CURRENT_PROJECT_VERSION = 1;
				DEVELOPMENT_ASSET_PATHS = "\"HojeNoRU_iOS/Preview Content\"";
				ENABLE_PREVIEWS = YES;
				GENERATE_INFOPLIST_FILE = YES;
				INFOPLIST_FILE = "HojeNoRU-iOS-Info.plist";
				INFOPLIST_KEY_UIApplicationSceneManifest_Generation = YES;
				INFOPLIST_KEY_UIApplicationSupportsIndirectInputEvents = YES;
				INFOPLIST_KEY_UILaunchScreen_Generation = YES;
				INFOPLIST_KEY_UISupportedInterfaceOrientations_iPad = "UIInterfaceOrientationPortrait UIInterfaceOrientationPortraitUpsideDown UIInterfaceOrientationLandscapeLeft UIInterfaceOrientationLandscapeRight";
				INFOPLIST_KEY_UISupportedInterfaceOrientations_iPhone = "UIInterfaceOrientationPortrait UIInterfaceOrientationLandscapeLeft UIInterfaceOrientationLandscapeRight";
				LD_RUNPATH_SEARCH_PATHS = (
					"$(inherited)",
					"@executable_path/Frameworks",
				);
				MARKETING_VERSION = 1.0;
				PRODUCT_BUNDLE_IDENTIFIER = "ltsilva1.HojeNoRU-iOS";
				PRODUCT_NAME = "$(TARGET_NAME)";
				SWIFT_EMIT_LOC_STRINGS = YES;
				SWIFT_VERSION = 5.0;
				TARGETED_DEVICE_FAMILY = "1,2";
			};
			name = Debug;
		};
		1C3A2B7E2EA9964900BB1604 /* Release */ = {
			isa = XCBuildConfiguration;
			buildSettings = {
				ASSETCATALOG_COMPILER_APPICON_NAME = AppIcon;
				ASSETCATALOG_COMPILER_GLOBAL_ACCENT_COLOR_NAME = AccentColor;
				CODE_SIGN_STYLE = Automatic;
				CURRENT_PROJECT_VERSION = 1;
				DEVELOPMENT_ASSET_PATHS = "\"HojeNoRU_iOS/Preview Content\"";
				ENABLE_PREVIEWS = YES;
				GENERATE_INFOPLIST_FILE = YES;
				INFOPLIST_FILE = "HojeNoRU-iOS-Info.plist";
				INFOPLIST_KEY_UIApplicationSceneManifest_Generation = YES;
				INFOPLIST_KEY_UIApplicationSupportsIndirectInputEvents = YES;
				INFOPLIST_KEY_UILaunchScreen_Generation = YES;
				INFOPLIST_KEY_UISupportedInterfaceOrientations_iPad = "UIInterfaceOrientationPortrait UIInterfaceOrientationPortraitUpsideDown UIInterfaceOrientationLandscapeLeft UIInterfaceOrientationLandscapeRight";
				INFOPLIST_KEY_UISupportedInterfaceOrientations_iPhone = "UIInterfaceOrientationPortrait UIInterfaceOrientationLandscapeLeft UIInterfaceOrientationLandscapeRight";
				LD_RUNPATH_SEARCH_PATHS = (
					"$(inherited)",
					"@executable_path/Frameworks",
				);
				MARKETING_VERSION = 1.0;
				PRODUCT_BUNDLE_IDENTIFIER = "ltsilva1.HojeNoRU-iOS";
				PRODUCT_NAME = "$(TARGET_NAME)";
				SWIFT_EMIT_LOC_STRINGS = YES;
				SWIFT_VERSION = 5.0;
				TARGETED_DEVICE_FAMILY = "1,2";
			};
			name = Release;
		};
/* End XCBuildConfiguration section */

/* Begin XCConfigurationList section */
		1C3A2B692EA9964500BB1604 /* Build configuration list for PBXProject "HojeNoRU_iOS" */ = {
			isa = XCConfigurationList;
			buildConfigurations = (
				1C3A2B7A2EA9964900BB1604 /* Debug */,
				1C3A2B7B2EA9964900BB1604 /* Release */,
			);
			defaultConfigurationIsVisible = 0;
			defaultConfigurationName = Release;
		};
		1C3A2B7C2EA9964900BB1604 /* Build configuration list for PBXNativeTarget "HojeNoRU_iOS" */ = {
			isa = XCConfigurationList;
			buildConfigurations = (
				1C3A2B7D2EA9964900BB1604 /* Debug */,
				1C3A2B7E2EA9964900BB1604 /* Release */,
			);
			defaultConfigurationIsVisible = 0;
			defaultConfigurationName = Release;
		};
/* End XCConfigurationList section */
	};
	rootObject = 1C3A2B662EA9964500BB1604 /* Project object */;
}
